<?xml version="1.0" encoding="utf-8"?>
<Project ToolsVersion="4.0" xmlns="http://schemas.microsoft.com/developer/msbuild/2003">
  <ItemGroup>
    <FxCompile Include="..\..\..\..\..\core\framework\direct3d\ColorPixelShader.hlsl" />
    <FxCompile Include="..\..\..\..\..\core\framework\direct3d\ColorVertexShader.hlsl" />
    <FxCompile Include="..\..\..\..\..\core\framework\direct3d\TexturePixelShader.hlsl" />
    <FxCompile Include="..\..\..\..\..\core\framework\direct3d\TextureVertexShader.hlsl" />
  </ItemGroup>
  <ItemGroup>
    <ClCompile Include="..\..\..\..\..\core\framework\Circle.cpp" />
    <ClCompile Include="..\..\..\..\..\core\framework\DynamicGameObject.cpp" />
    <ClCompile Include="..\..\..\..\..\core\framework\DynamicGridGameObject.cpp" />
    <ClCompile Include="..\..\..\..\..\core\framework\GameObject.cpp" />
    <ClCompile Include="..\..\..\..\..\core\framework\GridGameObject.cpp" />
    <ClCompile Include="..\..\..\..\..\core\framework\Line.cpp" />
    <ClCompile Include="..\..\..\..\..\core\framework\OverlapTester.cpp" />
    <ClCompile Include="..\..\..\..\..\core\framework\Rectangle.cpp" />
    <ClCompile Include="..\..\..\..\..\core\framework\Triangle.cpp" />
    <ClCompile Include="..\..\..\..\..\core\framework\Vector2D.cpp" />
    <ClCompile Include="..\..\..\..\..\core\framework\ui\CircleBatcher.cpp" />
    <ClCompile Include="..\..\..\..\..\core\framework\ui\Font.cpp" />
    <ClCompile Include="..\..\..\..\..\core\framework\ui\LineBatcher.cpp" />
    <ClCompile Include="..\..\..\..\..\core\framework\ui\RectangleBatcher.cpp" />
    <ClCompile Include="..\..\..\..\..\core\framework\ui\SpriteBatcher.cpp" />
    <ClCompile Include="..\..\..\..\..\core\framework\ui\TextureRegion.cpp" />
    <ClCompile Include="..\..\..\..\..\core\framework\ui\TouchEvent.cpp" />
    <ClCompile Include="..\..\..\..\..\core\framework\direct3d\BasicReaderWriter.cpp" />
    <ClCompile Include="..\..\..\..\..\core\framework\direct3d\DDSTextureLoader.cpp" />
    <ClCompile Include="..\..\..\..\..\core\framework\direct3d\Direct3DCircleBatcher.cpp" />
    <ClCompile Include="..\..\..\..\..\core\framework\direct3d\Direct3DLineBatcher.cpp" />
    <ClCompile Include="..\..\..\..\..\core\framework\direct3d\Direct3DProgram.cpp" />
    <ClCompile Include="..\..\..\..\..\core\framework\direct3d\Direct3DRectangleBatcher.cpp" />
    <ClCompile Include="..\..\..\..\..\core\framework\direct3d\Direct3DSpriteBatcher.cpp" />
    <ClCompile Include="..\..\..\..\..\core\framework\direct3d\DirectXManager.cpp" />
    <ClCompile Include="..\..\..\..\..\core\game\AcidDrop.cpp" />
    <ClCompile Include="..\..\..\..\..\core\game\Assets.cpp" />
    <ClCompile Include="..\..\..\..\..\core\game\Asteroid.cpp" />
    <ClCompile Include="..\..\..\..\..\core\game\BackgroundElements.cpp" />
    <ClCompile Include="..\..\..\..\..\core\game\BlueCreep.cpp" />
    <ClCompile Include="..\..\..\..\..\core\game\BlueCreepOne.cpp" />
    <ClCompile Include="..\..\..\..\..\core\game\BlueCreepThree.cpp" />
    <ClCompile Include="..\..\..\..\..\core\game\BlueCreepTwo.cpp" />
    <ClCompile Include="..\..\..\..\..\core\game\BlueMiniCreep.cpp" />
    <ClCompile Include="..\..\..\..\..\core\game\BossCreep.cpp" />
    <ClCompile Include="..\..\..\..\..\core\game\CoreShipModule.cpp" />
    <ClCompile Include="..\..\..\..\..\core\game\Creep.cpp" />
    <ClCompile Include="..\..\..\..\..\core\game\CreepBodyPart.cpp" />
    <ClCompile Include="..\..\..\..\..\core\game\Dialog.cpp" />
    <ClCompile Include="..\..\..\..\..\core\game\ElectricBolt.cpp" />
    <ClCompile Include="..\..\..\..\..\core\game\ElectricTower.cpp" />
    <ClCompile Include="..\..\..\..\..\core\game\Explosion.cpp" />
    <ClCompile Include="..\..\..\..\..\core\game\FireBolt.cpp" />
    <ClCompile Include="..\..\..\..\..\core\game\FireTower.cpp" />
    <ClCompile Include="..\..\..\..\..\core\game\GameListener.cpp" />
    <ClCompile Include="..\..\..\..\..\core\game\GameScreen.cpp" />
    <ClCompile Include="..\..\..\..\..\core\game\GreenCreep.cpp" />
    <ClCompile Include="..\..\..\..\..\core\game\GreenCreepOne.cpp" />
    <ClCompile Include="..\..\..\..\..\core\game\GreenCreepThree.cpp" />
    <ClCompile Include="..\..\..\..\..\core\game\GreenCreepTwo.cpp" />
    <ClCompile Include="..\..\..\..\..\core\game\GreenMiniCreep.cpp" />
    <ClCompile Include="..\..\..\..\..\core\game\IceBlast.cpp" />
    <ClCompile Include="..\..\..\..\..\core\game\IceTower.cpp" />
    <ClCompile Include="..\..\..\..\..\core\game\LazerBeam.cpp" />
    <ClCompile Include="..\..\..\..\..\core\game\LazerTower.cpp" />
    <ClCompile Include="..\..\..\..\..\core\game\Missile.cpp" />
    <ClCompile Include="..\..\..\..\..\core\game\MissileTower.cpp" />
    <ClCompile Include="..\..\..\..\..\core\game\PoisonTower.cpp" />
    <ClCompile Include="..\..\..\..\..\core\game\Projectile.cpp" />
    <ClCompile Include="..\..\..\..\..\core\game\ProjectileParticle.cpp" />
    <ClCompile Include="..\..\..\..\..\core\game\ProjectileTower.cpp" />
    <ClCompile Include="..\..\..\..\..\core\game\RedCreep.cpp" />
    <ClCompile Include="..\..\..\..\..\core\game\RedCreepOne.cpp" />
    <ClCompile Include="..\..\..\..\..\core\game\RedCreepThree.cpp" />
    <ClCompile Include="..\..\..\..\..\core\game\RedCreepTwo.cpp" />
    <ClCompile Include="..\..\..\..\..\core\game\RedMiniCreep.cpp" />
    <ClCompile Include="..\..\..\..\..\core\game\Renderer.cpp" />
    <ClCompile Include="..\..\..\..\..\core\game\ShipModule.cpp" />
    <ClCompile Include="..\..\..\..\..\core\game\Spawn.cpp" />
    <ClCompile Include="..\..\..\..\..\core\game\Text.cpp" />
    <ClCompile Include="..\..\..\..\..\core\game\TimeButton.cpp" />
    <ClCompile Include="..\..\..\..\..\core\game\TouchCursor.cpp" />
    <ClCompile Include="..\..\..\..\..\core\game\Tower.cpp" />
    <ClCompile Include="..\..\..\..\..\core\game\TowerCursor.cpp" />
    <ClCompile Include="..\..\..\..\..\core\game\TowerOptionButton.cpp" />
    <ClCompile Include="..\..\..\..\..\core\game\ToxicCloud.cpp" />
    <ClCompile Include="..\..\..\..\..\core\game\World.cpp" />
    <ClCompile Include="..\..\..\..\..\core\game\WorldPlatform.cpp" />
    <ClCompile Include="..\..\..\..\..\core\game\YellowCreep.cpp" />
    <ClCompile Include="..\..\..\..\..\core\game\YellowCreepOne.cpp" />
    <ClCompile Include="..\..\..\..\..\core\game\YellowCreepThree.cpp" />
    <ClCompile Include="..\..\..\..\..\core\game\YellowCreepTwo.cpp" />
    <ClCompile Include="..\..\..\..\..\core\game\YellowMiniCreep.cpp" />
    <ClCompile Include="..\..\..\..\..\core\game\direct3d\Direct3DGameScreen.cpp" />
    <ClCompile Include="..\..\..\..\..\core\game\direct3d\Direct3DRenderer.cpp" />
    <ClCompile Include="Direct3DContentProvider.cpp" />
    <ClCompile Include="Direct3DInterop.cpp" />
    <ClCompile Include="GameSound.cpp" />
    <ClCompile Include="Global.cpp" />
    <ClCompile Include="MediaEnginePlayer.cpp" />
    <ClCompile Include="pch.cpp" />
    <ClCompile Include="RandomAccessReader.cpp" />
    <ClCompile Include="SoundFileReader.cpp" />
    <ClCompile Include="XAudio2SoundPlayer.cpp" />
  </ItemGroup>
  <ItemGroup>
    <ClInclude Include="..\..\..\..\..\core\framework\Circle.h" />
    <ClInclude Include="..\..\..\..\..\core\framework\Color.h" />
    <ClInclude Include="..\..\..\..\..\core\framework\DynamicGameObject.h" />
    <ClInclude Include="..\..\..\..\..\core\framework\DynamicGridGameObject.h" />
    <ClInclude Include="..\..\..\..\..\core\framework\GameObject.h" />
    <ClInclude Include="..\..\..\..\..\core\framework\GridGameObject.h" />
    <ClInclude Include="..\..\..\..\..\core\framework\Line.h" />
    <ClInclude Include="..\..\..\..\..\core\framework\macros.h" />
    <ClInclude Include="..\..\..\..\..\core\framework\Node.h" />
    <ClInclude Include="..\..\..\..\..\core\framework\OverlapTester.h" />
    <ClInclude Include="..\..\..\..\..\core\framework\pch.h" />
    <ClInclude Include="..\..\..\..\..\core\framework\Rectangle.h" />
    <ClInclude Include="..\..\..\..\..\core\framework\Triangle.h" />
    <ClInclude Include="..\..\..\..\..\core\framework\Vector2D.h" />
    <ClInclude Include="..\..\..\..\..\core\framework\ui\CircleBatcher.h" />
    <ClInclude Include="..\..\..\..\..\core\framework\ui\Font.h" />
    <ClInclude Include="..\..\..\..\..\core\framework\ui\LineBatcher.h" />
    <ClInclude Include="..\..\..\..\..\core\framework\ui\RectangleBatcher.h" />
    <ClInclude Include="..\..\..\..\..\core\framework\ui\SpriteBatcher.h" />
    <ClInclude Include="..\..\..\..\..\core\framework\ui\TextureRegion.h" />
    <ClInclude Include="..\..\..\..\..\core\framework\ui\TextureWrapper.h" />
    <ClInclude Include="..\..\..\..\..\core\framework\ui\TouchEvent.h" />
    <ClInclude Include="..\..\..\..\..\core\framework\direct3d\BasicReaderWriter.h" />
    <ClInclude Include="..\..\..\..\..\core\framework\direct3d\dds.h" />
    <ClInclude Include="..\..\..\..\..\core\framework\direct3d\DDSTextureLoader.h" />
    <ClInclude Include="..\..\..\..\..\core\framework\direct3d\Direct3DCircleBatcher.h" />
    <ClInclude Include="..\..\..\..\..\core\framework\direct3d\Direct3DLineBatcher.h" />
    <ClInclude Include="..\..\..\..\..\core\framework\direct3d\Direct3DProgram.h" />
    <ClInclude Include="..\..\..\..\..\core\framework\direct3d\Direct3DRectangleBatcher.h" />
    <ClInclude Include="..\..\..\..\..\core\framework\direct3d\Direct3DSpriteBatcher.h" />
    <ClInclude Include="..\..\..\..\..\core\framework\direct3d\DirectXHelpers.h" />
    <ClInclude Include="..\..\..\..\..\core\framework\direct3d\DirectXManager.h" />
    <ClInclude Include="..\..\..\..\..\core\framework\direct3d\PlatformHelpers.h" />
    <ClInclude Include="..\..\..\..\..\core\game\AcidDrop.h" />
    <ClInclude Include="..\..\..\..\..\core\game\Assets.h" />
    <ClInclude Include="..\..\..\..\..\core\game\Asteroid.h" />
    <ClInclude Include="..\..\..\..\..\core\game\AsteroidType.h" />
    <ClInclude Include="..\..\..\..\..\core\game\BackgroundElements.h" />
    <ClInclude Include="..\..\..\..\..\core\game\BlueCreep.h" />
    <ClInclude Include="..\..\..\..\..\core\game\BlueCreepOne.h" />
    <ClInclude Include="..\..\..\..\..\core\game\BlueCreepThree.h" />
    <ClInclude Include="..\..\..\..\..\core\game\BlueCreepTwo.h" />
    <ClInclude Include="..\..\..\..\..\core\game\BlueMiniCreep.h" />
    <ClInclude Include="..\..\..\..\..\core\game\BossCreep.h" />
    <ClInclude Include="..\..\..\..\..\core\game\CoreShipModule.h" />
    <ClInclude Include="..\..\..\..\..\core\game\CoreShipModuleState.h" />
    <ClInclude Include="..\..\..\..\..\core\game\Creep.h" />
    <ClInclude Include="..\..\..\..\..\core\game\CreepBodyPart.h" />
    <ClInclude Include="..\..\..\..\..\core\game\CreepBodyPartType.h" />
    <ClInclude Include="..\..\..\..\..\core\game\CreepType.h" />
    <ClInclude Include="..\..\..\..\..\core\game\DamageType.h" />
    <ClInclude Include="..\..\..\..\..\core\game\Dialog.h" />
    <ClInclude Include="..\..\..\..\..\core\game\DifficultyLevel.h" />
    <ClInclude Include="..\..\..\..\..\core\game\ElectricBolt.h" />
    <ClInclude Include="..\..\..\..\..\core\game\ElectricTower.h" />
    <ClInclude Include="..\..\..\..\..\core\game\Explosion.h" />
    <ClInclude Include="..\..\..\..\..\core\game\ExplosionType.h" />
    <ClInclude Include="..\..\..\..\..\core\game\FireBolt.h" />
    <ClInclude Include="..\..\..\..\..\core\game\FireBoltState.h" />
    <ClInclude Include="..\..\..\..\..\core\game\FireTower.h" />
    <ClInclude Include="..\..\..\..\..\core\game\FlagUtil.h" />
    <ClInclude Include="..\..\..\..\..\core\game\GameConstants.h" />
    <ClInclude Include="..\..\..\..\..\core\game\GameListener.h" />
    <ClInclude Include="..\..\..\..\..\core\game\GameScreen.h" />
    <ClInclude Include="..\..\..\..\..\core\game\GameState.h" />
    <ClInclude Include="..\..\..\..\..\core\game\GreenCreep.h" />
    <ClInclude Include="..\..\..\..\..\core\game\GreenCreepOne.h" />
    <ClInclude Include="..\..\..\..\..\core\game\GreenCreepThree.h" />
    <ClInclude Include="..\..\..\..\..\core\game\GreenCreepTwo.h" />
    <ClInclude Include="..\..\..\..\..\core\game\GreenMiniCreep.h" />
    <ClInclude Include="..\..\..\..\..\core\game\HardCodedPathGenerator.h" />
    <ClInclude Include="..\..\..\..\..\core\game\IceBlast.h" />
    <ClInclude Include="..\..\..\..\..\core\game\IceTower.h" />
    <ClInclude Include="..\..\..\..\..\core\game\LazerBeam.h" />
    <ClInclude Include="..\..\..\..\..\core\game\LazerBeamState.h" />
    <ClInclude Include="..\..\..\..\..\core\game\LazerTower.h" />
    <ClInclude Include="..\..\..\..\..\core\game\LevelUtils.h" />
    <ClInclude Include="..\..\..\..\..\core\game\Missile.h" />
    <ClInclude Include="..\..\..\..\..\core\game\MissileState.h" />
    <ClInclude Include="..\..\..\..\..\core\game\MissileTower.h" />
    <ClInclude Include="..\..\..\..\..\core\game\PoisonTower.h" />
    <ClInclude Include="..\..\..\..\..\core\game\Projectile.h" />
    <ClInclude Include="..\..\..\..\..\core\game\ProjectileParticle.h" />
    <ClInclude Include="..\..\..\..\..\core\game\ProjectileState.h" />
    <ClInclude Include="..\..\..\..\..\core\game\ProjectileTower.h" />
    <ClInclude Include="..\..\..\..\..\core\game\RedCreep.h" />
    <ClInclude Include="..\..\..\..\..\core\game\RedCreepOne.h" />
    <ClInclude Include="..\..\..\..\..\core\game\RedCreepThree.h" />
    <ClInclude Include="..\..\..\..\..\core\game\RedCreepTwo.h" />
    <ClInclude Include="..\..\..\..\..\core\game\RedMiniCreep.h" />
    <ClInclude Include="..\..\..\..\..\core\game\Renderer.h" />
    <ClInclude Include="..\..\..\..\..\core\game\ResourceConstants.h" />
    <ClInclude Include="..\..\..\..\..\core\game\ScreenState.h" />
    <ClInclude Include="..\..\..\..\..\core\game\ScreenUtils.h" />
    <ClInclude Include="..\..\..\..\..\core\game\ShipModule.h" />
    <ClInclude Include="..\..\..\..\..\core\game\ShipModuleType.h" />
    <ClInclude Include="..\..\..\..\..\core\game\Spawn.h" />
    <ClInclude Include="..\..\..\..\..\core\game\SpawnState.h" />
    <ClInclude Include="..\..\..\..\..\core\game\Text.h" />
    <ClInclude Include="..\..\..\..\..\core\game\TimeButton.h" />
    <ClInclude Include="..\..\..\..\..\core\game\TouchCursor.h" />
    <ClInclude Include="..\..\..\..\..\core\game\Tower.h" />
    <ClInclude Include="..\..\..\..\..\core\game\TowerCostMapper.h" />
    <ClInclude Include="..\..\..\..\..\core\game\TowerCursor.h" />
    <ClInclude Include="..\..\..\..\..\core\game\TowerOptionButton.h" />
    <ClInclude Include="..\..\..\..\..\core\game\TowerState.h" />
    <ClInclude Include="..\..\..\..\..\core\game\TowerType.h" />
    <ClInclude Include="..\..\..\..\..\core\game\ToxicCloud.h" />
    <ClInclude Include="..\..\..\..\..\core\game\ToxicCloudState.h" />
    <ClInclude Include="..\..\..\..\..\core\game\UniqueIDUtil.h" />
    <ClInclude Include="..\..\..\..\..\core\game\VectorUtils.h" />
    <ClInclude Include="..\..\..\..\..\core\game\World.h" />
    <ClInclude Include="..\..\..\..\..\core\game\WorldPlatform.h" />
    <ClInclude Include="..\..\..\..\..\core\game\WorldPlatformType.h" />
    <ClInclude Include="..\..\..\..\..\core\game\WorldSpawnPointsState.h" />
    <ClInclude Include="..\..\..\..\..\core\game\WorldUpdateResponse.h" />
    <ClInclude Include="..\..\..\..\..\core\game\YellowCreep.h" />
    <ClInclude Include="..\..\..\..\..\core\game\YellowCreepOne.h" />
    <ClInclude Include="..\..\..\..\..\core\game\YellowCreepThree.h" />
    <ClInclude Include="..\..\..\..\..\core\game\YellowCreepTwo.h" />
    <ClInclude Include="..\..\..\..\..\core\game\YellowMiniCreep.h" />
    <ClInclude Include="..\..\..\..\..\core\game\direct3d\Direct3DGameScreen.h" />
    <ClInclude Include="..\..\..\..\..\core\game\direct3d\Direct3DRenderer.h" />
    <ClInclude Include="AchievementMapper.h" />
    <ClInclude Include="BasicTimer.h" />
    <ClInclude Include="Direct3DContentProvider.h" />
    <ClInclude Include="Direct3DInterop.h" />
    <ClInclude Include="DirectXHelper.h" />
    <ClInclude Include="GameSound.h" />
    <ClInclude Include="Global.h" />
    <ClInclude Include="MediaEnginePlayer.h" />
    <ClInclude Include="RandomAccessReader.h" />
    <ClInclude Include="SoundFileReader.h" />
    <ClInclude Include="XAudio2SoundPlayer.h" />
  </ItemGroup>
</Project>